
Microsoft Visual Studio Solution File, Format Version 12.00
# Visual Studio 15
VisualStudioVersion = 15.0.28307.271
MinimumVisualStudioVersion = 10.0.40219.1
Project("{FAE04EC0-301F-11D3-BF4B-00C04F79EFBC}") = "NetCore", "NetCore\NetCore.csproj", "{8537B4AB-7A1D-4785-B5CA-2524C323D6BD}"
EndProject
Global
	GlobalSection(SolutionConfigurationPlatforms) = preSolution
		Debug|Any CPU = Debug|Any CPU
		Release|Any CPU = Release|Any CPU
	EndGlobalSection
	GlobalSection(ProjectConfigurationPlatforms) = postSolution
		{8537B4AB-7A1D-4785-B5CA-2524C323D6BD}.Debug|Any CPU.ActiveCfg = Debug|Any CPU
		{8537B4AB-7A1D-4785-B5CA-2524C323D6BD}.Debug|Any CPU.Build.0 = Debug|Any CPU
		{8537B4AB-7A1D-4785-B5CA-2524C323D6BD}.Release|Any CPU.ActiveCfg = Release|Any CPU
		{8537B4AB-7A1D-4785-B5CA-2524C323D6BD}.Release|Any CPU.Build.0 = Release|Any CPU
	EndGlobalSection
	GlobalSection(SolutionProperties) = preSolution
		HideSolutionNode = FALSE
	EndGlobalSection
	GlobalSection(ExtensibilityGlobals) = postSolution
		SolutionGuid = {311602C1-1434-4816-AF71-EE4668A41B28}
	EndGlobalSection
EndGlobal
